
Microsoft Visual Studio Solution File, Format Version 12.00
# Visual Studio Version 16
VisualStudioVersion = 16.0.29806.167
MinimumVisualStudioVersion = 10.0.40219.1
Project("{FAE04EC0-301F-11D3-BF4B-00C04F79EFBC}") = "ndpproje", "ndpproje.csproj", "{025E5F07-8F9D-407B-AEF4-40137A7F4F2A}"
EndProject
Global
	GlobalSection(SolutionConfigurationPlatforms) = preSolution
		Debug|Any CPU = Debug|Any CPU
		Release|Any CPU = Release|Any CPU
	EndGlobalSection
	GlobalSection(ProjectConfigurationPlatforms) = postSolution
		{025E5F07-8F9D-407B-AEF4-40137A7F4F2A}.Debug|Any CPU.ActiveCfg = Debug|Any CPU
		{025E5F07-8F9D-407B-AEF4-40137A7F4F2A}.Debug|Any CPU.Build.0 = Debug|Any CPU
		{025E5F07-8F9D-407B-AEF4-40137A7F4F2A}.Release|Any CPU.ActiveCfg = Release|Any CPU
		{025E5F07-8F9D-407B-AEF4-40137A7F4F2A}.Release|Any CPU.Build.0 = Release|Any CPU
	EndGlobalSection
	GlobalSection(SolutionProperties) = preSolution
		HideSolutionNode = FALSE
	EndGlobalSection
	GlobalSection(ExtensibilityGlobals) = postSolution
		SolutionGuid = {2548B551-62D8-4CB2-A302-552BA6C247C9}
	EndGlobalSection
EndGlobal
